
Microsoft Visual Studio Solution File, Format Version 12.00
# Visual Studio Version 17
VisualStudioVersion = 17.8.34408.163
MinimumVisualStudioVersion = 10.0.40219.1
Project("{FAE04EC0-301F-11D3-BF4B-00C04F79EFBC}") = "9_1", "9_1\9_1.csproj", "{2BDF5452-CBD3-413C-9642-53F6DE2B9DC5}"
EndProject
Global
	GlobalSection(SolutionConfigurationPlatforms) = preSolution
		Debug|Any CPU = Debug|Any CPU
		Release|Any CPU = Release|Any CPU
	EndGlobalSection
	GlobalSection(ProjectConfigurationPlatforms) = postSolution
		{2BDF5452-CBD3-413C-9642-53F6DE2B9DC5}.Debug|Any CPU.ActiveCfg = Debug|Any CPU
		{2BDF5452-CBD3-413C-9642-53F6DE2B9DC5}.Debug|Any CPU.Build.0 = Debug|Any CPU
		{2BDF5452-CBD3-413C-9642-53F6DE2B9DC5}.Release|Any CPU.ActiveCfg = Release|Any CPU
		{2BDF5452-CBD3-413C-9642-53F6DE2B9DC5}.Release|Any CPU.Build.0 = Release|Any CPU
	EndGlobalSection
	GlobalSection(SolutionProperties) = preSolution
		HideSolutionNode = FALSE
	EndGlobalSection
	GlobalSection(ExtensibilityGlobals) = postSolution
		SolutionGuid = {7B286604-0DA8-4FCE-AD80-F8242E948AB4}
	EndGlobalSection
EndGlobal
